# THIS IS AN AUTOGENERATED FILE. DO NOT EDIT THIS FILE DIRECTLY.
# yarn lockfile v1


dom7@^2.1.2:
  version "2.1.2"
  resolved "https://registry.yarnpkg.com/dom7/-/dom7-2.1.2.tgz#a914070c0abe8465384997a9c4f34475f67f75bd"
  integrity sha512-cGwWtpu7KY3JnbREGqG4EGC/u+1hyLfWVMqrqRjmwiO8d5i4B+0imLZAQ/cJbiXnjbs0pdIUzcUyeI9BbnyKNg==
  dependencies:
    ssr-window "^1.0.1"

ssr-window@^1.0.1:
  version "1.0.1"
  resolved "https://registry.yarnpkg.com/ssr-window/-/ssr-window-1.0.1.tgz#30752a6a4666e7767f0b7e6aa6fc2fdbd0d9b369"
  integrity sha512-dgFqB+f00LJTEgb6UXhx0h+SrG50LJvti2yMKMqAgzfUmUXZrLSv2fjULF7AWGwK25EXu8+smLR3jYsJQChPsg==

swiper@^4.4.1:
  version "4.4.1"
  resolved "https://registry.yarnpkg.com/swiper/-/swiper-4.4.1.tgz#9eeca17c5bfa4a27663963b2640119e5fc668255"
  integrity sha512-SONgpB1mFh++eFiUDOCggwW2ZzsWMEf3+SEROcQ+qXPYUnyD423l3uDsk+0jdo/a4pXeOJmH0oN3XK5maMqQyQ==
  dependencies:
    dom7 "^2.1.2"
    ssr-window "^1.0.1"
